
Microsoft Visual Studio Solution File, Format Version 12.00
# Visual Studio Version 17
VisualStudioVersion = 17.9.34902.65
MinimumVisualStudioVersion = 10.0.40219.1
Project("{FAE04EC0-301F-11D3-BF4B-00C04F79EFBC}") = "EjemploExploracion", "EjemploExploracion.csproj", "{48DFC9AA-D515-4336-8C94-8D4A2994A24B}"
EndProject
Global
	GlobalSection(SolutionConfigurationPlatforms) = preSolution
		Debug|Any CPU = Debug|Any CPU
		Release|Any CPU = Release|Any CPU
	EndGlobalSection
	GlobalSection(ProjectConfigurationPlatforms) = postSolution
		{48DFC9AA-D515-4336-8C94-8D4A2994A24B}.Debug|Any CPU.ActiveCfg = Debug|Any CPU
		{48DFC9AA-D515-4336-8C94-8D4A2994A24B}.Debug|Any CPU.Build.0 = Debug|Any CPU
		{48DFC9AA-D515-4336-8C94-8D4A2994A24B}.Release|Any CPU.ActiveCfg = Release|Any CPU
		{48DFC9AA-D515-4336-8C94-8D4A2994A24B}.Release|Any CPU.Build.0 = Release|Any CPU
	EndGlobalSection
	GlobalSection(SolutionProperties) = preSolution
		HideSolutionNode = FALSE
	EndGlobalSection
	GlobalSection(ExtensibilityGlobals) = postSolution
		SolutionGuid = {D8050803-EA63-42CA-BC31-F35499724613}
	EndGlobalSection
EndGlobal
